// !$*UTF8*$!
{
	archiveVersion = 1;
	classes = {
	};
	objectVersion = 77;
	objects = {

/* Begin PBXContainerItemProxy section */
		2DFC7CBD2EC3314500F30183 /* PBXContainerItemProxy */ = {
			isa = PBXContainerItemProxy;
			containerPortal = 2DFC7C9E2EC3314300F30183 /* Project object */;
			proxyType = 1;
			remoteGlobalIDString = 2DFC7CA52EC3314300F30183;
			remoteInfo = Cueto_Calculator;
		};
		2DFC7CC72EC3314500F30183 /* PBXContainerItemProxy */ = {
			isa = PBXContainerItemProxy;
			containerPortal = 2DFC7C9E2EC3314300F30183 /* Project object */;
			proxyType = 1;
			remoteGlobalIDString = 2DFC7CA52EC3314300F30183;
			remoteInfo = Cueto_Calculator;
		};
/* End PBXContainerItemProxy section */

/* Begin PBXFileReference section */
		2DFC7CA62EC3314300F30183 /* Cueto_Calculator.app */ = {isa = PBXFileReference; explicitFileType = wrapper.application; includeInIndex = 0; path = Cueto_Calculator.app; sourceTree = BUILT_PRODUCTS_DIR; };
		2DFC7CBC2EC3314500F30183 /* Cueto_CalculatorTests.xctest */ = {isa = PBXFileReference; explicitFileType = wrapper.cfbundle; includeInIndex = 0; path = Cueto_CalculatorTests.xctest; sourceTree = BUILT_PRODUCTS_DIR; };
		2DFC7CC62EC3314500F30183 /* Cueto_CalculatorUITests.xctest */ = {isa = PBXFileReference; explicitFileType = wrapper.cfbundle; includeInIndex = 0; path = Cueto_CalculatorUITests.xctest; sourceTree = BUILT_PRODUCTS_DIR; };
/* End PBXFileReference section */

/* Begin PBXFileSystemSynchronizedBuildFileExceptionSet section */
		2DFC7CCE2EC3314500F30183 /* Exceptions for "Cueto_Calculator" folder in "Cueto_Calculator" target */ = {
			isa = PBXFileSystemSynchronizedBuildFileExceptionSet;
			membershipExceptions = (
				Info.plist,
			);
			target = 2DFC7CA52EC3314300F30183 /* Cueto_Calculator */;
		};
/* End PBXFileSystemSynchronizedBuildFileExceptionSet section */

/* Begin PBXFileSystemSynchronizedRootGroup section */
		2DFC7CA82EC3314300F30183 /* Cueto_Calculator */ = {
			isa = PBXFileSystemSynchronizedRootGroup;
			exceptions = (
				2DFC7CCE2EC3314500F30183 /* Exceptions for "Cueto_Calculator" folder in "Cueto_Calculator" target */,
			);
			path = Cueto_Calculator;
			sourceTree = "<group>";
		};
		2DFC7CBF2EC3314500F30183 /* Cueto_CalculatorTests */ = {
			isa = PBXFileSystemSynchronizedRootGroup;
			path = Cueto_CalculatorTests;
			sourceTree = "<group>";
		};
		2DFC7CC92EC3314500F30183 /* Cueto_CalculatorUITests */ = {
			isa = PBXFileSystemSynchronizedRootGroup;
			path = Cueto_CalculatorUITests;
			sourceTree = "<group>";
		};
/* End PBXFileSystemSynchronizedRootGroup section */

/* Begin PBXFrameworksBuildPhase section */
		2DFC7CA32EC3314300F30183 /* Frameworks */ = {
			isa = PBXFrameworksBuildPhase;
			buildActionMask = 2147483647;
			files = (
			);
			runOnlyForDeploymentPostprocessing = 0;
		};
		2DFC7CB92EC3314500F30183 /* Frameworks */ = {
			isa = PBXFrameworksBuildPhase;
			buildActionMask = 2147483647;
			files = (
			);
			runOnlyForDeploymentPostprocessing = 0;
		};
		2DFC7CC32EC3314500F30183 /* Frameworks */ = {
			isa = PBXFrameworksBuildPhase;
			buildActionMask = 2147483647;
			files = (
			);
			runOnlyForDeploymentPostprocessing = 0;
		};
/* End PBXFrameworksBuildPhase section */

/* Begin PBXGroup section */
		2DFC7C9D2EC3314300F30183 = {
			isa = PBXGroup;
			children = (
				2DFC7CA82EC3314300F30183 /* Cueto_Calculator */,
				2DFC7CBF2EC3314500F30183 /* Cueto_CalculatorTests */,
				2DFC7CC92EC3314500F30183 /* Cueto_CalculatorUITests */,
				2DFC7CA72EC3314300F30183 /* Products */,
			);
			sourceTree = "<group>";
		};
		2DFC7CA72EC3314300F30183 /* Products */ = {
			isa = PBXGroup;
			children = (
				2DFC7CA62EC3314300F30183 /* Cueto_Calculator.app */,
				2DFC7CBC2EC3314500F30183 /* Cueto_CalculatorTests.xctest */,
				2DFC7CC62EC3314500F30183 /* Cueto_CalculatorUITests.xctest */,
			);
			name = Products;
			sourceTree = "<group>";
		};
/* End PBXGroup section */

/* Begin PBXNativeTarget section */
		2DFC7CA52EC3314300F30183 /* Cueto_Calculator */ = {
			isa = PBXNativeTarget;
			buildConfigurationList = 2DFC7CCF2EC3314500F30183 /* Build configuration list for PBXNativeTarget "Cueto_Calculator" */;
			buildPhases = (
				2DFC7CA22EC3314300F30183 /* Sources */,
				2DFC7CA32EC3314300F30183 /* Frameworks */,
				2DFC7CA42EC3314300F30183 /* Resources */,
			);
			buildRules = (
			);
			dependencies = (
			);
			fileSystemSynchronizedGroups = (
				2DFC7CA82EC3314300F30183 /* Cueto_Calculator */,
			);
			name = Cueto_Calculator;
			packageProductDependencies = (
			);
			productName = Cueto_Calculator;
			productReference = 2DFC7CA62EC3314300F30183 /* Cueto_Calculator.app */;
			productType = "com.apple.product-type.application";
		};
		2DFC7CBB2EC3314500F30183 /* Cueto_CalculatorTests */ = {
			isa = PBXNativeTarget;
			buildConfigurationList = 2DFC7CD42EC3314500F30183 /* Build configuration list for PBXNativeTarget "Cueto_CalculatorTests" */;
			buildPhases = (
				2DFC7CB82EC3314500F30183 /* Sources */,
				2DFC7CB92EC3314500F30183 /* Frameworks */,
				2DFC7CBA2EC3314500F30183 /* Resources */,
			);
			buildRules = (
			);
			dependencies = (
				2DFC7CBE2EC3314500F30183 /* PBXTargetDependency */,
			);
			fileSystemSynchronizedGroups = (
				2DFC7CBF2EC3314500F30183 /* Cueto_CalculatorTests */,
			);
			name = Cueto_CalculatorTests;
			packageProductDependencies = (
			);
			productName = Cueto_CalculatorTests;
			productReference = 2DFC7CBC2EC3314500F30183 /* Cueto_CalculatorTests.xctest */;
			productType = "com.apple.product-type.bundle.unit-test";
		};
		2DFC7CC52EC3314500F30183 /* Cueto_CalculatorUITests */ = {
			isa = PBXNativeTarget;
			buildConfigurationList = 2DFC7CD72EC3314500F30183 /* Build configuration list for PBXNativeTarget "Cueto_CalculatorUITests" */;
			buildPhases = (
				2DFC7CC22EC3314500F30183 /* Sources */,
				2DFC7CC32EC3314500F30183 /* Frameworks */,
				2DFC7CC42EC3314500F30183 /* Resources */,
			);
			buildRules = (
			);
			dependencies = (
				2DFC7CC82EC3314500F30183 /* PBXTargetDependency */,
			);
			fileSystemSynchronizedGroups = (
				2DFC7CC92EC3314500F30183 /* Cueto_CalculatorUITests */,
			);
			name = Cueto_CalculatorUITests;
			packageProductDependencies = (
			);
			productName = Cueto_CalculatorUITests;
			productReference = 2DFC7CC62EC3314500F30183 /* Cueto_CalculatorUITests.xctest */;
			productType = "com.apple.product-type.bundle.ui-testing";
		};
/* End PBXNativeTarget section */

/* Begin PBXProject section */
		2DFC7C9E2EC3314300F30183 /* Project object */ = {
			isa = PBXProject;
			attributes = {
				BuildIndependentTargetsInParallel = 1;
				LastSwiftUpdateCheck = 2610;
				LastUpgradeCheck = 2610;
				TargetAttributes = {
					2DFC7CA52EC3314300F30183 = {
						CreatedOnToolsVersion = 26.1;
					};
					2DFC7CBB2EC3314500F30183 = {
						CreatedOnToolsVersion = 26.1;
						TestTargetID = 2DFC7CA52EC3314300F30183;
					};
					2DFC7CC52EC3314500F30183 = {
						CreatedOnToolsVersion = 26.1;
						TestTargetID = 2DFC7CA52EC3314300F30183;
					};
				};
			};
			buildConfigurationList = 2DFC7CA12EC3314300F30183 /* Build configuration list for PBXProject "Cueto_Calculator" */;
			developmentRegion = en;
			hasScannedForEncodings = 0;
			knownRegions = (
				en,
				Base,
			);
			mainGroup = 2DFC7C9D2EC3314300F30183;
			minimizedProjectReferenceProxies = 1;
			preferredProjectObjectVersion = 77;
			productRefGroup = 2DFC7CA72EC3314300F30183 /* Products */;
			projectDirPath = "";
			projectRoot = "";
			targets = (
				2DFC7CA52EC3314300F30183 /* Cueto_Calculator */,
				2DFC7CBB2EC3314500F30183 /* Cueto_CalculatorTests */,
				2DFC7CC52EC3314500F30183 /* Cueto_CalculatorUITests */,
			);
		};
/* End PBXProject section */

/* Begin PBXResourcesBuildPhase section */
		2DFC7CA42EC3314300F30183 /* Resources */ = {
			isa = PBXResourcesBuildPhase;
			buildActionMask = 2147483647;
			files = (
			);
			runOnlyForDeploymentPostprocessing = 0;
		};
		2DFC7CBA2EC3314500F30183 /* Resources */ = {
			isa = PBXResourcesBuildPhase;
			buildActionMask = 2147483647;
			files = (
			);
			runOnlyForDeploymentPostprocessing = 0;
		};
		2DFC7CC42EC3314500F30183 /* Resources */ = {
			isa = PBXResourcesBuildPhase;
			buildActionMask = 2147483647;
			files = (
			);
			runOnlyForDeploymentPostprocessing = 0;
		};
/* End PBXResourcesBuildPhase section */

/* Begin PBXSourcesBuildPhase section */
		2DFC7CA22EC3314300F30183 /* Sources */ = {
			isa = PBXSourcesBuildPhase;
			buildActionMask = 2147483647;
			files = (
			);
			runOnlyForDeploymentPostprocessing = 0;
		};
		2DFC7CB82EC3314500F30183 /* Sources */ = {
			isa = PBXSourcesBuildPhase;
			buildActionMask = 2147483647;
			files = (
			);
			runOnlyForDeploymentPostprocessing = 0;
		};
		2DFC7CC22EC3314500F30183 /* Sources */ = {
			isa = PBXSourcesBuildPhase;
			buildActionMask = 2147483647;
			files = (
			);
			runOnlyForDeploymentPostprocessing = 0;
		};
/* End PBXSourcesBuildPhase section */

/* Begin PBXTargetDependency section */
		2DFC7CBE2EC3314500F30183 /* PBXTargetDependency */ = {
			isa = PBXTargetDependency;
			target = 2DFC7CA52EC3314300F30183 /* Cueto_Calculator */;
			targetProxy = 2DFC7CBD2EC3314500F30183 /* PBXContainerItemProxy */;
		};
		2DFC7CC82EC3314500F30183 /* PBXTargetDependency */ = {
			isa = PBXTargetDependency;
			target = 2DFC7CA52EC3314300F30183 /* Cueto_Calculator */;
			targetProxy = 2DFC7CC72EC3314500F30183 /* PBXContainerItemProxy */;
		};
/* End PBXTargetDependency section */

/* Begin XCBuildConfiguration section */
		2DFC7CD02EC3314500F30183 /* Debug */ = {
			isa = XCBuildConfiguration;
			buildSettings = {
				ASSETCATALOG_COMPILER_APPICON_NAME = AppIcon;
				ASSETCATALOG_COMPILER_GLOBAL_ACCENT_COLOR_NAME = AccentColor;
				CODE_SIGN_STYLE = Automatic;
				CURRENT_PROJECT_VERSION = 1;
				GENERATE_INFOPLIST_FILE = YES;
				INFOPLIST_FILE = Cueto_Calculator/Info.plist;
				INFOPLIST_KEY_UIApplicationSupportsIndirectInputEvents = YES;
				INFOPLIST_KEY_UILaunchStoryboardName = LaunchScreen;
				INFOPLIST_KEY_UIMainStoryboardFile = Main;
				INFOPLIST_KEY_UISupportedInterfaceOrientations_iPad = "UIInterfaceOrientationPortrait UIInterfaceOrientationPortraitUpsideDown UIInterfaceOrientationLandscapeLeft UIInterfaceOrientationLandscapeRight";
				INFOPLIST_KEY_UISupportedInterfaceOrientations_iPhone = "UIInterfaceOrientationPortrait UIInterfaceOrientationLandscapeLeft UIInterfaceOrientationLandscapeRight";
				LD_RUNPATH_SEARCH_PATHS = (
					"$(inherited)",
					"@executable_path/Frameworks",
				);
				MARKETING_VERSION = 1.0;
				PRODUCT_BUNDLE_IDENTIFIER = "NeoPulse.Cueto-Calculator";
				PRODUCT_NAME = "$(TARGET_NAME)";
				STRING_CATALOG_GENERATE_SYMBOLS = YES;
				SWIFT_APPROACHABLE_CONCURRENCY = YES;
				SWIFT_DEFAULT_ACTOR_ISOLATION = MainActor;
				SWIFT_EMIT_LOC_STRINGS = YES;
				SWIFT_UPCOMING_FEATURE_MEMBER_IMPORT_VISIBILITY = YES;
				SWIFT_VERSION = 5.0;
				TARGETED_DEVICE_FAMILY = "1,2";
			};
			name = Debug;
		};
		2DFC7CD12EC3314500F30183 /* Release */ = {
			isa = XCBuildConfiguration;
			buildSettings = {
				ASSETCATALOG_COMPILER_APPICON_NAME = AppIcon;
				ASSETCATALOG_COMPILER_GLOBAL_ACCENT_COLOR_NAME = AccentColor;
				CODE_SIGN_STYLE = Automatic;
				CURRENT_PROJECT_VERSION = 1;
				GENERATE_INFOPLIST_FILE = YES;
				INFOPLIST_FILE = Cueto_Calculator/Info.plist;
				INFOPLIST_KEY_UIApplicationSupportsIndirectInputEvents = YES;
				INFOPLIST_KEY_UILaunchStoryboardName = LaunchScreen;
				INFOPLIST_KEY_UIMainStoryboardFile = Main;
				INFOPLIST_KEY_UISupportedInterfaceOrientations_iPad = "UIInterfaceOrientationPortrait UIInterfaceOrientationPortraitUpsideDown UIInterfaceOrientationLandscapeLeft UIInterfaceOrientationLandscapeRight";
				INFOPLIST_KEY_UISupportedInterfaceOrientations_iPhone = "UIInterfaceOrientationPortrait UIInterfaceOrientationLandscapeLeft UIInterfaceOrientationLandscapeRight";
				LD_RUNPATH_SEARCH_PATHS = (
					"$(inherited)",
					"@executable_path/Frameworks",
				);
				MARKETING_VERSION = 1.0;
				PRODUCT_BUNDLE_IDENTIFIER = "NeoPulse.Cueto-Calculator";
				PRODUCT_NAME = "$(TARGET_NAME)";
				STRING_CATALOG_GENERATE_SYMBOLS = YES;
				SWIFT_APPROACHABLE_CONCURRENCY = YES;
				SWIFT_DEFAULT_ACTOR_ISOLATION = MainActor;
				SWIFT_EMIT_LOC_STRINGS = YES;
				SWIFT_UPCOMING_FEATURE_MEMBER_IMPORT_VISIBILITY = YES;
				SWIFT_VERSION = 5.0;
				TARGETED_DEVICE_FAMILY = "1,2";
			};
			name = Release;
		};
		2DFC7CD22EC3314500F30183 /* Debug */ = {
			isa = XCBuildConfiguration;
			buildSettings = {
				ALWAYS_SEARCH_USER_PATHS = NO;
				ASSETCATALOG_COMPILER_GENERATE_SWIFT_ASSET_SYMBOL_EXTENSIONS = YES;
				CLANG_ANALYZER_NONNULL = YES;
				CLANG_ANALYZER_NUMBER_OBJECT_CONVERSION = YES_AGGRESSIVE;
				CLANG_CXX_LANGUAGE_STANDARD = "gnu++20";
				CLANG_ENABLE_MODULES = YES;
				CLANG_ENABLE_OBJC_ARC = YES;
				CLANG_ENABLE_OBJC_WEAK = YES;
				CLANG_WARN_BLOCK_CAPTURE_AUTORELEASING = YES;
				CLANG_WARN_BOOL_CONVERSION = YES;
				CLANG_WARN_COMMA = YES;
				CLANG_WARN_CONSTANT_CONVERSION = YES;
				CLANG_WARN_DEPRECATED_OBJC_IMPLEMENTATIONS = YES;
				CLANG_WARN_DIRECT_OBJC_ISA_USAGE = YES_ERROR;
				CLANG_WARN_DOCUMENTATION_COMMENTS = YES;
				CLANG_WARN_EMPTY_BODY = YES;
				CLANG_WARN_ENUM_CONVERSION = YES;
				CLANG_WARN_INFINITE_RECURSION = YES;
				CLANG_WARN_INT_CONVERSION = YES;
				CLANG_WARN_NON_LITERAL_NULL_CONVERSION = YES;
				CLANG_WARN_OBJC_IMPLICIT_RETAIN_SELF = YES;
				CLANG_WARN_OBJC_LITERAL_CONVERSION = YES;
				CLANG_WARN_OBJC_ROOT_CLASS = YES_ERROR;
				CLANG_WARN_QUOTED_INCLUDE_IN_FRAMEWORK_HEADER = YES;
				CLANG_WARN_RANGE_LOOP_ANALYSIS = YES;
				CLANG_WARN_STRICT_PROTOTYPES = YES;
				CLANG_WARN_SUSPICIOUS_MOVE = YES;
				CLANG_WARN_UNGUARDED_AVAILABILITY = YES_AGGRESSIVE;
				CLANG_WARN_UNREACHABLE_CODE = YES;
				CLANG_WARN__DUPLICATE_METHOD_MATCH = YES;
				COPY_PHASE_STRIP = NO;
				DEBUG_INFORMATION_FORMAT = dwarf;
				ENABLE_STRICT_OBJC_MSGSEND = YES;
				ENABLE_TESTABILITY = YES;
				ENABLE_USER_SCRIPT_SANDBOXING = YES;
				GCC_C_LANGUAGE_STANDARD = gnu17;
				GCC_DYNAMIC_NO_PIC = NO;
				GCC_NO_COMMON_BLOCKS = YES;
				GCC_OPTIMIZATION_LEVEL = 0;
				GCC_PREPROCESSOR_DEFINITIONS = (
					"DEBUG=1",
					"$(inherited)",
				);
				GCC_WARN_64_TO_32_BIT_CONVERSION = YES;
				GCC_WARN_ABOUT_RETURN_TYPE = YES_ERROR;
				GCC_WARN_UNDECLARED_SELECTOR = YES;
				GCC_WARN_UNINITIALIZED_AUTOS = YES_AGGRESSIVE;
				GCC_WARN_UNUSED_FUNCTION = YES;
				GCC_WARN_UNUSED_VARIABLE = YES;
				IPHONEOS_DEPLOYMENT_TARGET = 26.1;
				LOCALIZATION_PREFERS_STRING_CATALOGS = YES;
				MTL_ENABLE_DEBUG_INFO = INCLUDE_SOURCE;
				MTL_FAST_MATH = YES;
				ONLY_ACTIVE_ARCH = YES;
				SDKROOT = iphoneos;
				SWIFT_ACTIVE_COMPILATION_CONDITIONS = "DEBUG $(inherited)";
				SWIFT_OPTIMIZATION_LEVEL = "-Onone";
			};
			name = Debug;
		};
		2DFC7CD32EC3314500F30183 /* Release */ = {
			isa = XCBuildConfiguration;
			buildSettings = {
				ALWAYS_SEARCH_USER_PATHS = NO;
				ASSETCATALOG_COMPILER_GENERATE_SWIFT_ASSET_SYMBOL_EXTENSIONS = YES;
				CLANG_ANALYZER_NONNULL = YES;
				CLANG_ANALYZER_NUMBER_OBJECT_CONVERSION = YES_AGGRESSIVE;
				CLANG_CXX_LANGUAGE_STANDARD = "gnu++20";
				CLANG_ENABLE_MODULES = YES;
				CLANG_ENABLE_OBJC_ARC = YES;
				CLANG_ENABLE_OBJC_WEAK = YES;
				CLANG_WARN_BLOCK_CAPTURE_AUTORELEASING = YES;
				CLANG_WARN_BOOL_CONVERSION = YES;
				CLANG_WARN_COMMA = YES;
				CLANG_WARN_CONSTANT_CONVERSION = YES;
				CLANG_WARN_DEPRECATED_OBJC_IMPLEMENTATIONS = YES;
				CLANG_WARN_DIRECT_OBJC_ISA_USAGE = YES_ERROR;
				CLANG_WARN_DOCUMENTATION_COMMENTS = YES;
				CLANG_WARN_EMPTY_BODY = YES;
				CLANG_WARN_ENUM_CONVERSION = YES;
				CLANG_WARN_INFINITE_RECURSION = YES;
				CLANG_WARN_INT_CONVERSION = YES;
				CLANG_WARN_NON_LITERAL_NULL_CONVERSION = YES;
				CLANG_WARN_OBJC_IMPLICIT_RETAIN_SELF = YES;
				CLANG_WARN_OBJC_LITERAL_CONVERSION = YES;
				CLANG_WARN_OBJC_ROOT_CLASS = YES_ERROR;
				CLANG_WARN_QUOTED_INCLUDE_IN_FRAMEWORK_HEADER = YES;
				CLANG_WARN_RANGE_LOOP_ANALYSIS = YES;
				CLANG_WARN_STRICT_PROTOTYPES = YES;
				CLANG_WARN_SUSPICIOUS_MOVE = YES;
				CLANG_WARN_UNGUARDED_AVAILABILITY = YES_AGGRESSIVE;
				CLANG_WARN_UNREACHABLE_CODE = YES;
				CLANG_WARN__DUPLICATE_METHOD_MATCH = YES;
				COPY_PHASE_STRIP = NO;
				DEBUG_INFORMATION_FORMAT = "dwarf-with-dsym";
				ENABLE_NS_ASSERTIONS = NO;
				ENABLE_STRICT_OBJC_MSGSEND = YES;
				ENABLE_USER_SCRIPT_SANDBOXING = YES;
				GCC_C_LANGUAGE_STANDARD = gnu17;
				GCC_NO_COMMON_BLOCKS = YES;
				GCC_WARN_64_TO_32_BIT_CONVERSION = YES;
				GCC_WARN_ABOUT_RETURN_TYPE = YES_ERROR;
				GCC_WARN_UNDECLARED_SELECTOR = YES;
				GCC_WARN_UNINITIALIZED_AUTOS = YES_AGGRESSIVE;
				GCC_WARN_UNUSED_FUNCTION = YES;
				GCC_WARN_UNUSED_VARIABLE = YES;
				IPHONEOS_DEPLOYMENT_TARGET = 26.1;
				LOCALIZATION_PREFERS_STRING_CATALOGS = YES;
				MTL_ENABLE_DEBUG_INFO = NO;
				MTL_FAST_MATH = YES;
				SDKROOT = iphoneos;
				SWIFT_COMPILATION_MODE = wholemodule;
				VALIDATE_PRODUCT = YES;
			};
			name = Release;
		};
		2DFC7CD52EC3314500F30183 /* Debug */ = {
			isa = XCBuildConfiguration;
			buildSettings = {
				BUNDLE_LOADER = "$(TEST_HOST)";
				CODE_SIGN_STYLE = Automatic;
				CURRENT_PROJECT_VERSION = 1;
				GENERATE_INFOPLIST_FILE = YES;
				IPHONEOS_DEPLOYMENT_TARGET = 26.1;
				MARKETING_VERSION = 1.0;
				PRODUCT_BUNDLE_IDENTIFIER = "NeoPulse.Cueto-CalculatorTests";
				PRODUCT_NAME = "$(TARGET_NAME)";
				STRING_CATALOG_GENERATE_SYMBOLS = NO;
				SWIFT_APPROACHABLE_CONCURRENCY = YES;
				SWIFT_EMIT_LOC_STRINGS = NO;
				SWIFT_UPCOMING_FEATURE_MEMBER_IMPORT_VISIBILITY = YES;
				SWIFT_VERSION = 5.0;
				TARGETED_DEVICE_FAMILY = "1,2";
				TEST_HOST = "$(BUILT_PRODUCTS_DIR)/Cueto_Calculator.app/$(BUNDLE_EXECUTABLE_FOLDER_PATH)/Cueto_Calculator";
			};
			name = Debug;
		};
		2DFC7CD62EC3314500F30183 /* Release */ = {
			isa = XCBuildConfiguration;
			buildSettings = {
				BUNDLE_LOADER = "$(TEST_HOST)";
				CODE_SIGN_STYLE = Automatic;
				CURRENT_PROJECT_VERSION = 1;
				GENERATE_INFOPLIST_FILE = YES;
				IPHONEOS_DEPLOYMENT_TARGET = 26.1;
				MARKETING_VERSION = 1.0;
				PRODUCT_BUNDLE_IDENTIFIER = "NeoPulse.Cueto-CalculatorTests";
				PRODUCT_NAME = "$(TARGET_NAME)";
				STRING_CATALOG_GENERATE_SYMBOLS = NO;
				SWIFT_APPROACHABLE_CONCURRENCY = YES;
				SWIFT_EMIT_LOC_STRINGS = NO;
				SWIFT_UPCOMING_FEATURE_MEMBER_IMPORT_VISIBILITY = YES;
				SWIFT_VERSION = 5.0;
				TARGETED_DEVICE_FAMILY = "1,2";
				TEST_HOST = "$(BUILT_PRODUCTS_DIR)/Cueto_Calculator.app/$(BUNDLE_EXECUTABLE_FOLDER_PATH)/Cueto_Calculator";
			};
			name = Release;
		};
		2DFC7CD82EC3314500F30183 /* Debug */ = {
			isa = XCBuildConfiguration;
			buildSettings = {
				CODE_SIGN_STYLE = Automatic;
				CURRENT_PROJECT_VERSION = 1;
				GENERATE_INFOPLIST_FILE = YES;
				MARKETING_VERSION = 1.0;
				PRODUCT_BUNDLE_IDENTIFIER = "NeoPulse.Cueto-CalculatorUITests";
				PRODUCT_NAME = "$(TARGET_NAME)";
				STRING_CATALOG_GENERATE_SYMBOLS = NO;
				SWIFT_APPROACHABLE_CONCURRENCY = YES;
				SWIFT_EMIT_LOC_STRINGS = NO;
				SWIFT_UPCOMING_FEATURE_MEMBER_IMPORT_VISIBILITY = YES;
				SWIFT_VERSION = 5.0;
				TARGETED_DEVICE_FAMILY = "1,2";
				TEST_TARGET_NAME = Cueto_Calculator;
			};
			name = Debug;
		};
		2DFC7CD92EC3314500F30183 /* Release */ = {
			isa = XCBuildConfiguration;
			buildSettings = {
				CODE_SIGN_STYLE = Automatic;
				CURRENT_PROJECT_VERSION = 1;
				GENERATE_INFOPLIST_FILE = YES;
				MARKETING_VERSION = 1.0;
				PRODUCT_BUNDLE_IDENTIFIER = "NeoPulse.Cueto-CalculatorUITests";
				PRODUCT_NAME = "$(TARGET_NAME)";
				STRING_CATALOG_GENERATE_SYMBOLS = NO;
				SWIFT_APPROACHABLE_CONCURRENCY = YES;
				SWIFT_EMIT_LOC_STRINGS = NO;
				SWIFT_UPCOMING_FEATURE_MEMBER_IMPORT_VISIBILITY = YES;
				SWIFT_VERSION = 5.0;
				TARGETED_DEVICE_FAMILY = "1,2";
				TEST_TARGET_NAME = Cueto_Calculator;
			};
			name = Release;
		};
/* End XCBuildConfiguration section */

/* Begin XCConfigurationList section */
		2DFC7CA12EC3314300F30183 /* Build configuration list for PBXProject "Cueto_Calculator" */ = {
			isa = XCConfigurationList;
			buildConfigurations = (
				2DFC7CD22EC3314500F30183 /* Debug */,
				2DFC7CD32EC3314500F30183 /* Release */,
			);
			defaultConfigurationIsVisible = 0;
			defaultConfigurationName = Release;
		};
		2DFC7CCF2EC3314500F30183 /* Build configuration list for PBXNativeTarget "Cueto_Calculator" */ = {
			isa = XCConfigurationList;
			buildConfigurations = (
				2DFC7CD02EC3314500F30183 /* Debug */,
				2DFC7CD12EC3314500F30183 /* Release */,
			);
			defaultConfigurationIsVisible = 0;
			defaultConfigurationName = Release;
		};
		2DFC7CD42EC3314500F30183 /* Build configuration list for PBXNativeTarget "Cueto_CalculatorTests" */ = {
			isa = XCConfigurationList;
			buildConfigurations = (
				2DFC7CD52EC3314500F30183 /* Debug */,
				2DFC7CD62EC3314500F30183 /* Release */,
			);
			defaultConfigurationIsVisible = 0;
			defaultConfigurationName = Release;
		};
		2DFC7CD72EC3314500F30183 /* Build configuration list for PBXNativeTarget "Cueto_CalculatorUITests" */ = {
			isa = XCConfigurationList;
			buildConfigurations = (
				2DFC7CD82EC3314500F30183 /* Debug */,
				2DFC7CD92EC3314500F30183 /* Release */,
			);
			defaultConfigurationIsVisible = 0;
			defaultConfigurationName = Release;
		};
/* End XCConfigurationList section */
	};
	rootObject = 2DFC7C9E2EC3314300F30183 /* Project object */;
}
